// !$*UTF8*$!
{
	archiveVersion = 1;
	classes = {
	};
	objectVersion = 50;
	objects = {

/* Begin PBXBuildFile section */
		2322BC672354AEDE00A8FB21 /* AppDelegate.swift in Sources */ = {isa = PBXBuildFile; fileRef = 2322BC662354AEDE00A8FB21 /* AppDelegate.swift */; };
		2322BC692354AEDE00A8FB21 /* SceneDelegate.swift in Sources */ = {isa = PBXBuildFile; fileRef = 2322BC682354AEDE00A8FB21 /* SceneDelegate.swift */; };
		2322BC6B2354AEDE00A8FB21 /* ViewController.swift in Sources */ = {isa = PBXBuildFile; fileRef = 2322BC6A2354AEDE00A8FB21 /* ViewController.swift */; };
		2322BC6E2354AEDE00A8FB21 /* Main.storyboard in Resources */ = {isa = PBXBuildFile; fileRef = 2322BC6C2354AEDE00A8FB21 /* Main.storyboard */; };
		2322BC702354AEE000A8FB21 /* Assets.xcassets in Resources */ = {isa = PBXBuildFile; fileRef = 2322BC6F2354AEE000A8FB21 /* Assets.xcassets */; };
		2322BC732354AEE000A8FB21 /* LaunchScreen.storyboard in Resources */ = {isa = PBXBuildFile; fileRef = 2322BC712354AEE000A8FB21 /* LaunchScreen.storyboard */; };
/* End PBXBuildFile section */

/* Begin PBXFileReference section */
		2322BC632354AEDE00A8FB21 /* Animal Finder.app */ = {isa = PBXFileReference; explicitFileType = wrapper.application; includeInIndex = 0; path = "Animal Finder.app"; sourceTree = BUILT_PRODUCTS_DIR; };
		2322BC662354AEDE00A8FB21 /* AppDelegate.swift */ = {isa = PBXFileReference; lastKnownFileType = sourcecode.swift; path = AppDelegate.swift; sourceTree = "<group>"; };
		2322BC682354AEDE00A8FB21 /* SceneDelegate.swift */ = {isa = PBXFileReference; lastKnownFileType = sourcecode.swift; path = SceneDelegate.swift; sourceTree = "<group>"; };
		2322BC6A2354AEDE00A8FB21 /* ViewController.swift */ = {isa = PBXFileReference; lastKnownFileType = sourcecode.swift; path = ViewController.swift; sourceTree = "<group>"; };
		2322BC6D2354AEDE00A8FB21 /* Base */ = {isa = PBXFileReference; lastKnownFileType = file.storyboard; name = Base; path = Base.lproj/Main.storyboard; sourceTree = "<group>"; };
		2322BC6F2354AEE000A8FB21 /* Assets.xcassets */ = {isa = PBXFileReference; lastKnownFileType = folder.assetcatalog; path = Assets.xcassets; sourceTree = "<group>"; };
		2322BC722354AEE000A8FB21 /* Base */ = {isa = PBXFileReference; lastKnownFileType = file.storyboard; name = Base; path = Base.lproj/LaunchScreen.storyboard; sourceTree = "<group>"; };
		2322BC742354AEE000A8FB21 /* Info.plist */ = {isa = PBXFileReference; lastKnownFileType = text.plist.xml; path = Info.plist; sourceTree = "<group>"; };
/* End PBXFileReference section */

/* Begin PBXFrameworksBuildPhase section */
		2322BC602354AEDE00A8FB21 /* Frameworks */ = {
			isa = PBXFrameworksBuildPhase;
			buildActionMask = 2147483647;
			files = (
			);
			runOnlyForDeploymentPostprocessing = 0;
		};
/* End PBXFrameworksBuildPhase section */

/* Begin PBXGroup section */
		2322BC5A2354AEDE00A8FB21 = {
			isa = PBXGroup;
			children = (
				2322BC652354AEDE00A8FB21 /* Animal Finder */,
				2322BC642354AEDE00A8FB21 /* Products */,
			);
			sourceTree = "<group>";
		};
		2322BC642354AEDE00A8FB21 /* Products */ = {
			isa = PBXGroup;
			children = (
				2322BC632354AEDE00A8FB21 /* Animal Finder.app */,
			);
			name = Products;
			sourceTree = "<group>";
		};
		2322BC652354AEDE00A8FB21 /* Animal Finder */ = {
			isa = PBXGroup;
			children = (
				2322BC662354AEDE00A8FB21 /* AppDelegate.swift */,
				2322BC682354AEDE00A8FB21 /* SceneDelegate.swift */,
				2322BC6A2354AEDE00A8FB21 /* ViewController.swift */,
				2322BC7A2354B14400A8FB21 /* Resources */,
				2322BC6C2354AEDE00A8FB21 /* Main.storyboard */,
				2322BC6F2354AEE000A8FB21 /* Assets.xcassets */,
				2322BC712354AEE000A8FB21 /* LaunchScreen.storyboard */,
				2322BC742354AEE000A8FB21 /* Info.plist */,
			);
			path = "Animal Finder";
			sourceTree = "<group>";
		};
		2322BC7A2354B14400A8FB21 /* Resources */ = {
			isa = PBXGroup;
			children = (
			);
			path = Resources;
			sourceTree = "<group>";
		};
/* End PBXGroup section */

/* Begin PBXNativeTarget section */
		2322BC622354AEDE00A8FB21 /* Animal Finder */ = {
			isa = PBXNativeTarget;
			buildConfigurationList = 2322BC772354AEE000A8FB21 /* Build configuration list for PBXNativeTarget "Animal Finder" */;
			buildPhases = (
				2322BC5F2354AEDE00A8FB21 /* Sources */,
				2322BC602354AEDE00A8FB21 /* Frameworks */,
				2322BC612354AEDE00A8FB21 /* Resources */,
			);
			buildRules = (
			);
			dependencies = (
			);
			name = "Animal Finder";
			productName = "Animal Finder";
			productReference = 2322BC632354AEDE00A8FB21 /* Animal Finder.app */;
			productType = "com.apple.product-type.application";
		};
/* End PBXNativeTarget section */

/* Begin PBXProject section */
		2322BC5B2354AEDE00A8FB21 /* Project object */ = {
			isa = PBXProject;
			attributes = {
				LastSwiftUpdateCheck = 1110;
				LastUpgradeCheck = 1110;
				ORGANIZATIONNAME = Jake;
				TargetAttributes = {
					2322BC622354AEDE00A8FB21 = {
						CreatedOnToolsVersion = 11.1;
					};
				};
			};
			buildConfigurationList = 2322BC5E2354AEDE00A8FB21 /* Build configuration list for PBXProject "Animal Finder" */;
			compatibilityVersion = "Xcode 9.3";
			developmentRegion = en;
			hasScannedForEncodings = 0;
			knownRegions = (
				en,
				Base,
			);
			mainGroup = 2322BC5A2354AEDE00A8FB21;
			productRefGroup = 2322BC642354AEDE00A8FB21 /* Products */;
			projectDirPath = "";
			projectRoot = "";
			targets = (
				2322BC622354AEDE00A8FB21 /* Animal Finder */,
			);
		};
/* End PBXProject section */

/* Begin PBXResourcesBuildPhase section */
		2322BC612354AEDE00A8FB21 /* Resources */ = {
			isa = PBXResourcesBuildPhase;
			buildActionMask = 2147483647;
			files = (
				2322BC732354AEE000A8FB21 /* LaunchScreen.storyboard in Resources */,
				2322BC702354AEE000A8FB21 /* Assets.xcassets in Resources */,
				2322BC6E2354AEDE00A8FB21 /* Main.storyboard in Resources */,
			);
			runOnlyForDeploymentPostprocessing = 0;
		};
/* End PBXResourcesBuildPhase section */

/* Begin PBXSourcesBuildPhase section */
		2322BC5F2354AEDE00A8FB21 /* Sources */ = {
			isa = PBXSourcesBuildPhase;
			buildActionMask = 2147483647;
			files = (
				2322BC6B2354AEDE00A8FB21 /* ViewController.swift in Sources */,
				2322BC672354AEDE00A8FB21 /* AppDelegate.swift in Sources */,
				2322BC692354AEDE00A8FB21 /* SceneDelegate.swift in Sources */,
			);
			runOnlyForDeploymentPostprocessing = 0;
		};
/* End PBXSourcesBuildPhase section */

/* Begin PBXVariantGroup section */
		2322BC6C2354AEDE00A8FB21 /* Main.storyboard */ = {
			isa = PBXVariantGroup;
			children = (
				2322BC6D2354AEDE00A8FB21 /* Base */,
			);
			name = Main.storyboard;
			sourceTree = "<group>";
		};
		2322BC712354AEE000A8FB21 /* LaunchScreen.storyboard */ = {
			isa = PBXVariantGroup;
			children = (
				2322BC722354AEE000A8FB21 /* Base */,
			);
			name = LaunchScreen.storyboard;
			sourceTree = "<group>";
		};
/* End PBXVariantGroup section */

/* Begin XCBuildConfiguration section */
		2322BC752354AEE000A8FB21 /* Debug */ = {
			isa = XCBuildConfiguration;
			buildSettings = {
				ALWAYS_SEARCH_USER_PATHS = NO;
				CLANG_ANALYZER_NONNULL = YES;
				CLANG_ANALYZER_NUMBER_OBJECT_CONVERSION = YES_AGGRESSIVE;
				CLANG_CXX_LANGUAGE_STANDARD = "gnu++14";
				CLANG_CXX_LIBRARY = "libc++";
				CLANG_ENABLE_MODULES = YES;
				CLANG_ENABLE_OBJC_ARC = YES;
				CLANG_ENABLE_OBJC_WEAK = YES;
				CLANG_WARN_BLOCK_CAPTURE_AUTORELEASING = YES;
				CLANG_WARN_BOOL_CONVERSION = YES;
				CLANG_WARN_COMMA = YES;
				CLANG_WARN_CONSTANT_CONVERSION = YES;
				CLANG_WARN_DEPRECATED_OBJC_IMPLEMENTATIONS = YES;
				CLANG_WARN_DIRECT_OBJC_ISA_USAGE = YES_ERROR;
				CLANG_WARN_DOCUMENTATION_COMMENTS = YES;
				CLANG_WARN_EMPTY_BODY = YES;
				CLANG_WARN_ENUM_CONVERSION = YES;
				CLANG_WARN_INFINITE_RECURSION = YES;
				CLANG_WARN_INT_CONVERSION = YES;
				CLANG_WARN_NON_LITERAL_NULL_CONVERSION = YES;
				CLANG_WARN_OBJC_IMPLICIT_RETAIN_SELF = YES;
				CLANG_WARN_OBJC_LITERAL_CONVERSION = YES;
				CLANG_WARN_OBJC_ROOT_CLASS = YES_ERROR;
				CLANG_WARN_RANGE_LOOP_ANALYSIS = YES;
				CLANG_WARN_STRICT_PROTOTYPES = YES;
				CLANG_WARN_SUSPICIOUS_MOVE = YES;
				CLANG_WARN_UNGUARDED_AVAILABILITY = YES_AGGRESSIVE;
				CLANG_WARN_UNREACHABLE_CODE = YES;
				CLANG_WARN__DUPLICATE_METHOD_MATCH = YES;
				COPY_PHASE_STRIP = NO;
				DEBUG_INFORMATION_FORMAT = dwarf;
				ENABLE_STRICT_OBJC_MSGSEND = YES;
				ENABLE_TESTABILITY = YES;
				GCC_C_LANGUAGE_STANDARD = gnu11;
				GCC_DYNAMIC_NO_PIC = NO;
				GCC_NO_COMMON_BLOCKS = YES;
				GCC_OPTIMIZATION_LEVEL = 0;
				GCC_PREPROCESSOR_DEFINITIONS = (
					"DEBUG=1",
					"$(inherited)",
				);
				GCC_WARN_64_TO_32_BIT_CONVERSION = YES;
				GCC_WARN_ABOUT_RETURN_TYPE = YES_ERROR;
				GCC_WARN_UNDECLARED_SELECTOR = YES;
				GCC_WARN_UNINITIALIZED_AUTOS = YES_AGGRESSIVE;
				GCC_WARN_UNUSED_FUNCTION = YES;
				GCC_WARN_UNUSED_VARIABLE = YES;
				IPHONEOS_DEPLOYMENT_TARGET = 13.1;
				MTL_ENABLE_DEBUG_INFO = INCLUDE_SOURCE;
				MTL_FAST_MATH = YES;
				ONLY_ACTIVE_ARCH = YES;
				SDKROOT = iphoneos;
				SWIFT_ACTIVE_COMPILATION_CONDITIONS = DEBUG;
				SWIFT_OPTIMIZATION_LEVEL = "-Onone";
			};
			name = Debug;
		};
		2322BC762354AEE000A8FB21 /* Release */ = {
			isa = XCBuildConfiguration;
			buildSettings = {
				ALWAYS_SEARCH_USER_PATHS = NO;
				CLANG_ANALYZER_NONNULL = YES;
				CLANG_ANALYZER_NUMBER_OBJECT_CONVERSION = YES_AGGRESSIVE;
				CLANG_CXX_LANGUAGE_STANDARD = "gnu++14";
				CLANG_CXX_LIBRARY = "libc++";
				CLANG_ENABLE_MODULES = YES;
				CLANG_ENABLE_OBJC_ARC = YES;
				CLANG_ENABLE_OBJC_WEAK = YES;
				CLANG_WARN_BLOCK_CAPTURE_AUTORELEASING = YES;
				CLANG_WARN_BOOL_CONVERSION = YES;
				CLANG_WARN_COMMA = YES;
				CLANG_WARN_CONSTANT_CONVERSION = YES;
				CLANG_WARN_DEPRECATED_OBJC_IMPLEMENTATIONS = YES;
				CLANG_WARN_DIRECT_OBJC_ISA_USAGE = YES_ERROR;
				CLANG_WARN_DOCUMENTATION_COMMENTS = YES;
				CLANG_WARN_EMPTY_BODY = YES;
				CLANG_WARN_ENUM_CONVERSION = YES;
				CLANG_WARN_INFINITE_RECURSION = YES;
				CLANG_WARN_INT_CONVERSION = YES;
				CLANG_WARN_NON_LITERAL_NULL_CONVERSION = YES;
				CLANG_WARN_OBJC_IMPLICIT_RETAIN_SELF = YES;
				CLANG_WARN_OBJC_LITERAL_CONVERSION = YES;
				CLANG_WARN_OBJC_ROOT_CLASS = YES_ERROR;
				CLANG_WARN_RANGE_LOOP_ANALYSIS = YES;
				CLANG_WARN_STRICT_PROTOTYPES = YES;
				CLANG_WARN_SUSPICIOUS_MOVE = YES;
				CLANG_WARN_UNGUARDED_AVAILABILITY = YES_AGGRESSIVE;
				CLANG_WARN_UNREACHABLE_CODE = YES;
				CLANG_WARN__DUPLICATE_METHOD_MATCH = YES;
				COPY_PHASE_STRIP = NO;
				DEBUG_INFORMATION_FORMAT = "dwarf-with-dsym";
				ENABLE_NS_ASSERTIONS = NO;
				ENABLE_STRICT_OBJC_MSGSEND = YES;
				GCC_C_LANGUAGE_STANDARD = gnu11;
				GCC_NO_COMMON_BLOCKS = YES;
				GCC_WARN_64_TO_32_BIT_CONVERSION = YES;
				GCC_WARN_ABOUT_RETURN_TYPE = YES_ERROR;
				GCC_WARN_UNDECLARED_SELECTOR = YES;
				GCC_WARN_UNINITIALIZED_AUTOS = YES_AGGRESSIVE;
				GCC_WARN_UNUSED_FUNCTION = YES;
				GCC_WARN_UNUSED_VARIABLE = YES;
				IPHONEOS_DEPLOYMENT_TARGET = 13.1;
				MTL_ENABLE_DEBUG_INFO = NO;
				MTL_FAST_MATH = YES;
				SDKROOT = iphoneos;
				SWIFT_COMPILATION_MODE = wholemodule;
				SWIFT_OPTIMIZATION_LEVEL = "-O";
				VALIDATE_PRODUCT = YES;
			};
			name = Release;
		};
		2322BC782354AEE000A8FB21 /* Debug */ = {
			isa = XCBuildConfiguration;
			buildSettings = {
				ASSETCATALOG_COMPILER_APPICON_NAME = AppIcon;
				CODE_SIGN_STYLE = Automatic;
				DEVELOPMENT_TEAM = N8P3D83L7J;
				INFOPLIST_FILE = "Animal Finder/Info.plist";
				LD_RUNPATH_SEARCH_PATHS = (
					"$(inherited)",
					"@executable_path/Frameworks",
				);
				PRODUCT_BUNDLE_IDENTIFIER = "Small-World-Imagery.Animal-Finder";
				PRODUCT_NAME = "$(TARGET_NAME)";
				SWIFT_VERSION = 5.0;
				TARGETED_DEVICE_FAMILY = "1,2";
			};
			name = Debug;
		};
		2322BC792354AEE000A8FB21 /* Release */ = {
			isa = XCBuildConfiguration;
			buildSettings = {
				ASSETCATALOG_COMPILER_APPICON_NAME = AppIcon;
				CODE_SIGN_STYLE = Automatic;
				DEVELOPMENT_TEAM = N8P3D83L7J;
				INFOPLIST_FILE = "Animal Finder/Info.plist";
				LD_RUNPATH_SEARCH_PATHS = (
					"$(inherited)",
					"@executable_path/Frameworks",
				);
				PRODUCT_BUNDLE_IDENTIFIER = "Small-World-Imagery.Animal-Finder";
				PRODUCT_NAME = "$(TARGET_NAME)";
				SWIFT_VERSION = 5.0;
				TARGETED_DEVICE_FAMILY = "1,2";
			};
			name = Release;
		};
/* End XCBuildConfiguration section */

/* Begin XCConfigurationList section */
		2322BC5E2354AEDE00A8FB21 /* Build configuration list for PBXProject "Animal Finder" */ = {
			isa = XCConfigurationList;
			buildConfigurations = (
				2322BC752354AEE000A8FB21 /* Debug */,
				2322BC762354AEE000A8FB21 /* Release */,
			);
			defaultConfigurationIsVisible = 0;
			defaultConfigurationName = Release;
		};
		2322BC772354AEE000A8FB21 /* Build configuration list for PBXNativeTarget "Animal Finder" */ = {
			isa = XCConfigurationList;
			buildConfigurations = (
				2322BC782354AEE000A8FB21 /* Debug */,
				2322BC792354AEE000A8FB21 /* Release */,
			);
			defaultConfigurationIsVisible = 0;
			defaultConfigurationName = Release;
		};
/* End XCConfigurationList section */
	};
	rootObject = 2322BC5B2354AEDE00A8FB21 /* Project object */;
}
